
Microsoft Visual Studio Solution File, Format Version 12.00
# Visual Studio Version 17
VisualStudioVersion = 17.0.32112.339
MinimumVisualStudioVersion = 10.0.40219.1
Project("{FAE04EC0-301F-11D3-BF4B-00C04F79EFBC}") = "Website Editor", "Website Editor\Website Editor.csproj", "{FF731A02-B0E6-4177-B5BC-A4DBC8FD0568}"
EndProject
Global
	GlobalSection(SolutionConfigurationPlatforms) = preSolution
		Debug|Any CPU = Debug|Any CPU
		Release|Any CPU = Release|Any CPU
	EndGlobalSection
	GlobalSection(ProjectConfigurationPlatforms) = postSolution
		{FF731A02-B0E6-4177-B5BC-A4DBC8FD0568}.Debug|Any CPU.ActiveCfg = Debug|Any CPU
		{FF731A02-B0E6-4177-B5BC-A4DBC8FD0568}.Debug|Any CPU.Build.0 = Debug|Any CPU
		{FF731A02-B0E6-4177-B5BC-A4DBC8FD0568}.Release|Any CPU.ActiveCfg = Release|Any CPU
		{FF731A02-B0E6-4177-B5BC-A4DBC8FD0568}.Release|Any CPU.Build.0 = Release|Any CPU
	EndGlobalSection
	GlobalSection(SolutionProperties) = preSolution
		HideSolutionNode = FALSE
	EndGlobalSection
	GlobalSection(ExtensibilityGlobals) = postSolution
		SolutionGuid = {630FF072-EDC6-45EB-86C2-EDAE272F0BF9}
	EndGlobalSection
EndGlobal
